// !$*UTF8*$!
{
	archiveVersion = 1;
	classes = {
	};
	objectVersion = 48;
	objects = {

/* Begin PBXBuildFile section */
		6847D71E204FC26E00A3C1A3 /* AppDelegate.swift in Sources */ = {isa = PBXBuildFile; fileRef = 6847D71D204FC26E00A3C1A3 /* AppDelegate.swift */; };
		6847D720204FC26E00A3C1A3 /* ViewController.swift in Sources */ = {isa = PBXBuildFile; fileRef = 6847D71F204FC26E00A3C1A3 /* ViewController.swift */; };
		6847D725204FC26E00A3C1A3 /* Assets.xcassets in Resources */ = {isa = PBXBuildFile; fileRef = 6847D724204FC26E00A3C1A3 /* Assets.xcassets */; };
		6847D728204FC26E00A3C1A3 /* LaunchScreen.storyboard in Resources */ = {isa = PBXBuildFile; fileRef = 6847D726204FC26E00A3C1A3 /* LaunchScreen.storyboard */; };
		6847D733204FC26E00A3C1A3 /* DestiniTests.swift in Sources */ = {isa = PBXBuildFile; fileRef = 6847D732204FC26E00A3C1A3 /* DestiniTests.swift */; };
		6847D73E204FC26E00A3C1A3 /* DestiniUITests.swift in Sources */ = {isa = PBXBuildFile; fileRef = 6847D73D204FC26E00A3C1A3 /* DestiniUITests.swift */; };
		6847D751204FC53E00A3C1A3 /* DestiniView.swift in Sources */ = {isa = PBXBuildFile; fileRef = 6847D750204FC53E00A3C1A3 /* DestiniView.swift */; };
		6847D753204FC6C900A3C1A3 /* UIView.swift in Sources */ = {isa = PBXBuildFile; fileRef = 6847D752204FC6C900A3C1A3 /* UIView.swift */; };
/* End PBXBuildFile section */

/* Begin PBXContainerItemProxy section */
		6847D72F204FC26E00A3C1A3 /* PBXContainerItemProxy */ = {
			isa = PBXContainerItemProxy;
			containerPortal = 6847D712204FC26E00A3C1A3 /* Project object */;
			proxyType = 1;
			remoteGlobalIDString = 6847D719204FC26E00A3C1A3;
			remoteInfo = Destini;
		};
		6847D73A204FC26E00A3C1A3 /* PBXContainerItemProxy */ = {
			isa = PBXContainerItemProxy;
			containerPortal = 6847D712204FC26E00A3C1A3 /* Project object */;
			proxyType = 1;
			remoteGlobalIDString = 6847D719204FC26E00A3C1A3;
			remoteInfo = Destini;
		};
/* End PBXContainerItemProxy section */

/* Begin PBXFileReference section */
		6847D71A204FC26E00A3C1A3 /* Destini.app */ = {isa = PBXFileReference; explicitFileType = wrapper.application; includeInIndex = 0; path = Destini.app; sourceTree = BUILT_PRODUCTS_DIR; };
		6847D71D204FC26E00A3C1A3 /* AppDelegate.swift */ = {isa = PBXFileReference; lastKnownFileType = sourcecode.swift; path = AppDelegate.swift; sourceTree = "<group>"; };
		6847D71F204FC26E00A3C1A3 /* ViewController.swift */ = {isa = PBXFileReference; lastKnownFileType = sourcecode.swift; path = ViewController.swift; sourceTree = "<group>"; };
		6847D724204FC26E00A3C1A3 /* Assets.xcassets */ = {isa = PBXFileReference; lastKnownFileType = folder.assetcatalog; path = Assets.xcassets; sourceTree = "<group>"; };
		6847D727204FC26E00A3C1A3 /* Base */ = {isa = PBXFileReference; lastKnownFileType = file.storyboard; name = Base; path = Base.lproj/LaunchScreen.storyboard; sourceTree = "<group>"; };
		6847D729204FC26E00A3C1A3 /* Info.plist */ = {isa = PBXFileReference; lastKnownFileType = text.plist.xml; path = Info.plist; sourceTree = "<group>"; };
		6847D72E204FC26E00A3C1A3 /* DestiniTests.xctest */ = {isa = PBXFileReference; explicitFileType = wrapper.cfbundle; includeInIndex = 0; path = DestiniTests.xctest; sourceTree = BUILT_PRODUCTS_DIR; };
		6847D732204FC26E00A3C1A3 /* DestiniTests.swift */ = {isa = PBXFileReference; lastKnownFileType = sourcecode.swift; path = DestiniTests.swift; sourceTree = "<group>"; };
		6847D734204FC26E00A3C1A3 /* Info.plist */ = {isa = PBXFileReference; lastKnownFileType = text.plist.xml; path = Info.plist; sourceTree = "<group>"; };
		6847D739204FC26E00A3C1A3 /* DestiniUITests.xctest */ = {isa = PBXFileReference; explicitFileType = wrapper.cfbundle; includeInIndex = 0; path = DestiniUITests.xctest; sourceTree = BUILT_PRODUCTS_DIR; };
		6847D73D204FC26E00A3C1A3 /* DestiniUITests.swift */ = {isa = PBXFileReference; lastKnownFileType = sourcecode.swift; path = DestiniUITests.swift; sourceTree = "<group>"; };
		6847D73F204FC26E00A3C1A3 /* Info.plist */ = {isa = PBXFileReference; lastKnownFileType = text.plist.xml; path = Info.plist; sourceTree = "<group>"; };
		6847D750204FC53E00A3C1A3 /* DestiniView.swift */ = {isa = PBXFileReference; lastKnownFileType = sourcecode.swift; path = DestiniView.swift; sourceTree = "<group>"; };
		6847D752204FC6C900A3C1A3 /* UIView.swift */ = {isa = PBXFileReference; lastKnownFileType = sourcecode.swift; path = UIView.swift; sourceTree = "<group>"; };
/* End PBXFileReference section */

/* Begin PBXFrameworksBuildPhase section */
		6847D717204FC26E00A3C1A3 /* Frameworks */ = {
			isa = PBXFrameworksBuildPhase;
			buildActionMask = 2147483647;
			files = (
			);
			runOnlyForDeploymentPostprocessing = 0;
		};
		6847D72B204FC26E00A3C1A3 /* Frameworks */ = {
			isa = PBXFrameworksBuildPhase;
			buildActionMask = 2147483647;
			files = (
			);
			runOnlyForDeploymentPostprocessing = 0;
		};
		6847D736204FC26E00A3C1A3 /* Frameworks */ = {
			isa = PBXFrameworksBuildPhase;
			buildActionMask = 2147483647;
			files = (
			);
			runOnlyForDeploymentPostprocessing = 0;
		};
/* End PBXFrameworksBuildPhase section */

/* Begin PBXGroup section */
		6847D711204FC26E00A3C1A3 = {
			isa = PBXGroup;
			children = (
				6847D71C204FC26E00A3C1A3 /* Destini */,
				6847D731204FC26E00A3C1A3 /* DestiniTests */,
				6847D73C204FC26E00A3C1A3 /* DestiniUITests */,
				6847D71B204FC26E00A3C1A3 /* Products */,
			);
			sourceTree = "<group>";
		};
		6847D71B204FC26E00A3C1A3 /* Products */ = {
			isa = PBXGroup;
			children = (
				6847D71A204FC26E00A3C1A3 /* Destini.app */,
				6847D72E204FC26E00A3C1A3 /* DestiniTests.xctest */,
				6847D739204FC26E00A3C1A3 /* DestiniUITests.xctest */,
			);
			name = Products;
			sourceTree = "<group>";
		};
		6847D71C204FC26E00A3C1A3 /* Destini */ = {
			isa = PBXGroup;
			children = (
				6847D74B204FC39800A3C1A3 /* Resources */,
				6847D74C204FC3AB00A3C1A3 /* Classes */,
				6847D71D204FC26E00A3C1A3 /* AppDelegate.swift */,
				6847D729204FC26E00A3C1A3 /* Info.plist */,
			);
			path = Destini;
			sourceTree = "<group>";
		};
		6847D731204FC26E00A3C1A3 /* DestiniTests */ = {
			isa = PBXGroup;
			children = (
				6847D732204FC26E00A3C1A3 /* DestiniTests.swift */,
				6847D734204FC26E00A3C1A3 /* Info.plist */,
			);
			path = DestiniTests;
			sourceTree = "<group>";
		};
		6847D73C204FC26E00A3C1A3 /* DestiniUITests */ = {
			isa = PBXGroup;
			children = (
				6847D73D204FC26E00A3C1A3 /* DestiniUITests.swift */,
				6847D73F204FC26E00A3C1A3 /* Info.plist */,
			);
			path = DestiniUITests;
			sourceTree = "<group>";
		};
		6847D74B204FC39800A3C1A3 /* Resources */ = {
			isa = PBXGroup;
			children = (
				6847D724204FC26E00A3C1A3 /* Assets.xcassets */,
				6847D726204FC26E00A3C1A3 /* LaunchScreen.storyboard */,
			);
			path = Resources;
			sourceTree = "<group>";
		};
		6847D74C204FC3AB00A3C1A3 /* Classes */ = {
			isa = PBXGroup;
			children = (
				6847D74F204FC3D100A3C1A3 /* Views */,
				6847D74E204FC3C700A3C1A3 /* Controlles */,
				6847D74D204FC3BB00A3C1A3 /* Extensions */,
			);
			path = Classes;
			sourceTree = "<group>";
		};
		6847D74D204FC3BB00A3C1A3 /* Extensions */ = {
			isa = PBXGroup;
			children = (
				6847D752204FC6C900A3C1A3 /* UIView.swift */,
			);
			path = Extensions;
			sourceTree = "<group>";
		};
		6847D74E204FC3C700A3C1A3 /* Controlles */ = {
			isa = PBXGroup;
			children = (
				6847D71F204FC26E00A3C1A3 /* ViewController.swift */,
			);
			path = Controlles;
			sourceTree = "<group>";
		};
		6847D74F204FC3D100A3C1A3 /* Views */ = {
			isa = PBXGroup;
			children = (
				6847D750204FC53E00A3C1A3 /* DestiniView.swift */,
			);
			path = Views;
			sourceTree = "<group>";
		};
/* End PBXGroup section */

/* Begin PBXNativeTarget section */
		6847D719204FC26E00A3C1A3 /* Destini */ = {
			isa = PBXNativeTarget;
			buildConfigurationList = 6847D742204FC26E00A3C1A3 /* Build configuration list for PBXNativeTarget "Destini" */;
			buildPhases = (
				6847D716204FC26E00A3C1A3 /* Sources */,
				6847D717204FC26E00A3C1A3 /* Frameworks */,
				6847D718204FC26E00A3C1A3 /* Resources */,
			);
			buildRules = (
			);
			dependencies = (
			);
			name = Destini;
			productName = Destini;
			productReference = 6847D71A204FC26E00A3C1A3 /* Destini.app */;
			productType = "com.apple.product-type.application";
		};
		6847D72D204FC26E00A3C1A3 /* DestiniTests */ = {
			isa = PBXNativeTarget;
			buildConfigurationList = 6847D745204FC26E00A3C1A3 /* Build configuration list for PBXNativeTarget "DestiniTests" */;
			buildPhases = (
				6847D72A204FC26E00A3C1A3 /* Sources */,
				6847D72B204FC26E00A3C1A3 /* Frameworks */,
				6847D72C204FC26E00A3C1A3 /* Resources */,
			);
			buildRules = (
			);
			dependencies = (
				6847D730204FC26E00A3C1A3 /* PBXTargetDependency */,
			);
			name = DestiniTests;
			productName = DestiniTests;
			productReference = 6847D72E204FC26E00A3C1A3 /* DestiniTests.xctest */;
			productType = "com.apple.product-type.bundle.unit-test";
		};
		6847D738204FC26E00A3C1A3 /* DestiniUITests */ = {
			isa = PBXNativeTarget;
			buildConfigurationList = 6847D748204FC26E00A3C1A3 /* Build configuration list for PBXNativeTarget "DestiniUITests" */;
			buildPhases = (
				6847D735204FC26E00A3C1A3 /* Sources */,
				6847D736204FC26E00A3C1A3 /* Frameworks */,
				6847D737204FC26E00A3C1A3 /* Resources */,
			);
			buildRules = (
			);
			dependencies = (
				6847D73B204FC26E00A3C1A3 /* PBXTargetDependency */,
			);
			name = DestiniUITests;
			productName = DestiniUITests;
			productReference = 6847D739204FC26E00A3C1A3 /* DestiniUITests.xctest */;
			productType = "com.apple.product-type.bundle.ui-testing";
		};
/* End PBXNativeTarget section */

/* Begin PBXProject section */
		6847D712204FC26E00A3C1A3 /* Project object */ = {
			isa = PBXProject;
			attributes = {
				LastSwiftUpdateCheck = 0920;
				LastUpgradeCheck = 0920;
				ORGANIZATIONNAME = "Masataka Miyoshi";
				TargetAttributes = {
					6847D719204FC26E00A3C1A3 = {
						CreatedOnToolsVersion = 9.2;
						ProvisioningStyle = Automatic;
					};
					6847D72D204FC26E00A3C1A3 = {
						CreatedOnToolsVersion = 9.2;
						ProvisioningStyle = Automatic;
						TestTargetID = 6847D719204FC26E00A3C1A3;
					};
					6847D738204FC26E00A3C1A3 = {
						CreatedOnToolsVersion = 9.2;
						ProvisioningStyle = Automatic;
						TestTargetID = 6847D719204FC26E00A3C1A3;
					};
				};
			};
			buildConfigurationList = 6847D715204FC26E00A3C1A3 /* Build configuration list for PBXProject "Destini" */;
			compatibilityVersion = "Xcode 8.0";
			developmentRegion = en;
			hasScannedForEncodings = 0;
			knownRegions = (
				en,
				Base,
			);
			mainGroup = 6847D711204FC26E00A3C1A3;
			productRefGroup = 6847D71B204FC26E00A3C1A3 /* Products */;
			projectDirPath = "";
			projectRoot = "";
			targets = (
				6847D719204FC26E00A3C1A3 /* Destini */,
				6847D72D204FC26E00A3C1A3 /* DestiniTests */,
				6847D738204FC26E00A3C1A3 /* DestiniUITests */,
			);
		};
/* End PBXProject section */

/* Begin PBXResourcesBuildPhase section */
		6847D718204FC26E00A3C1A3 /* Resources */ = {
			isa = PBXResourcesBuildPhase;
			buildActionMask = 2147483647;
			files = (
				6847D728204FC26E00A3C1A3 /* LaunchScreen.storyboard in Resources */,
				6847D725204FC26E00A3C1A3 /* Assets.xcassets in Resources */,
			);
			runOnlyForDeploymentPostprocessing = 0;
		};
		6847D72C204FC26E00A3C1A3 /* Resources */ = {
			isa = PBXResourcesBuildPhase;
			buildActionMask = 2147483647;
			files = (
			);
			runOnlyForDeploymentPostprocessing = 0;
		};
		6847D737204FC26E00A3C1A3 /* Resources */ = {
			isa = PBXResourcesBuildPhase;
			buildActionMask = 2147483647;
			files = (
			);
			runOnlyForDeploymentPostprocessing = 0;
		};
/* End PBXResourcesBuildPhase section */

/* Begin PBXSourcesBuildPhase section */
		6847D716204FC26E00A3C1A3 /* Sources */ = {
			isa = PBXSourcesBuildPhase;
			buildActionMask = 2147483647;
			files = (
				6847D753204FC6C900A3C1A3 /* UIView.swift in Sources */,
				6847D720204FC26E00A3C1A3 /* ViewController.swift in Sources */,
				6847D71E204FC26E00A3C1A3 /* AppDelegate.swift in Sources */,
				6847D751204FC53E00A3C1A3 /* DestiniView.swift in Sources */,
			);
			runOnlyForDeploymentPostprocessing = 0;
		};
		6847D72A204FC26E00A3C1A3 /* Sources */ = {
			isa = PBXSourcesBuildPhase;
			buildActionMask = 2147483647;
			files = (
				6847D733204FC26E00A3C1A3 /* DestiniTests.swift in Sources */,
			);
			runOnlyForDeploymentPostprocessing = 0;
		};
		6847D735204FC26E00A3C1A3 /* Sources */ = {
			isa = PBXSourcesBuildPhase;
			buildActionMask = 2147483647;
			files = (
				6847D73E204FC26E00A3C1A3 /* DestiniUITests.swift in Sources */,
			);
			runOnlyForDeploymentPostprocessing = 0;
		};
/* End PBXSourcesBuildPhase section */

/* Begin PBXTargetDependency section */
		6847D730204FC26E00A3C1A3 /* PBXTargetDependency */ = {
			isa = PBXTargetDependency;
			target = 6847D719204FC26E00A3C1A3 /* Destini */;
			targetProxy = 6847D72F204FC26E00A3C1A3 /* PBXContainerItemProxy */;
		};
		6847D73B204FC26E00A3C1A3 /* PBXTargetDependency */ = {
			isa = PBXTargetDependency;
			target = 6847D719204FC26E00A3C1A3 /* Destini */;
			targetProxy = 6847D73A204FC26E00A3C1A3 /* PBXContainerItemProxy */;
		};
/* End PBXTargetDependency section */

/* Begin PBXVariantGroup section */
		6847D726204FC26E00A3C1A3 /* LaunchScreen.storyboard */ = {
			isa = PBXVariantGroup;
			children = (
				6847D727204FC26E00A3C1A3 /* Base */,
			);
			name = LaunchScreen.storyboard;
			sourceTree = "<group>";
		};
/* End PBXVariantGroup section */

/* Begin XCBuildConfiguration section */
		6847D740204FC26E00A3C1A3 /* Debug */ = {
			isa = XCBuildConfiguration;
			buildSettings = {
				ALWAYS_SEARCH_USER_PATHS = NO;
				CLANG_ANALYZER_NONNULL = YES;
				CLANG_ANALYZER_NUMBER_OBJECT_CONVERSION = YES_AGGRESSIVE;
				CLANG_CXX_LANGUAGE_STANDARD = "gnu++14";
				CLANG_CXX_LIBRARY = "libc++";
				CLANG_ENABLE_MODULES = YES;
				CLANG_ENABLE_OBJC_ARC = YES;
				CLANG_WARN_BLOCK_CAPTURE_AUTORELEASING = YES;
				CLANG_WARN_BOOL_CONVERSION = YES;
				CLANG_WARN_COMMA = YES;
				CLANG_WARN_CONSTANT_CONVERSION = YES;
				CLANG_WARN_DIRECT_OBJC_ISA_USAGE = YES_ERROR;
				CLANG_WARN_DOCUMENTATION_COMMENTS = YES;
				CLANG_WARN_EMPTY_BODY = YES;
				CLANG_WARN_ENUM_CONVERSION = YES;
				CLANG_WARN_INFINITE_RECURSION = YES;
				CLANG_WARN_INT_CONVERSION = YES;
				CLANG_WARN_NON_LITERAL_NULL_CONVERSION = YES;
				CLANG_WARN_OBJC_LITERAL_CONVERSION = YES;
				CLANG_WARN_OBJC_ROOT_CLASS = YES_ERROR;
				CLANG_WARN_RANGE_LOOP_ANALYSIS = YES;
				CLANG_WARN_STRICT_PROTOTYPES = YES;
				CLANG_WARN_SUSPICIOUS_MOVE = YES;
				CLANG_WARN_UNGUARDED_AVAILABILITY = YES_AGGRESSIVE;
				CLANG_WARN_UNREACHABLE_CODE = YES;
				CLANG_WARN__DUPLICATE_METHOD_MATCH = YES;
				CODE_SIGN_IDENTITY = "iPhone Developer";
				COPY_PHASE_STRIP = NO;
				DEBUG_INFORMATION_FORMAT = dwarf;
				ENABLE_STRICT_OBJC_MSGSEND = YES;
				ENABLE_TESTABILITY = YES;
				GCC_C_LANGUAGE_STANDARD = gnu11;
				GCC_DYNAMIC_NO_PIC = NO;
				GCC_NO_COMMON_BLOCKS = YES;
				GCC_OPTIMIZATION_LEVEL = 0;
				GCC_PREPROCESSOR_DEFINITIONS = (
					"DEBUG=1",
					"$(inherited)",
				);
				GCC_WARN_64_TO_32_BIT_CONVERSION = YES;
				GCC_WARN_ABOUT_RETURN_TYPE = YES_ERROR;
				GCC_WARN_UNDECLARED_SELECTOR = YES;
				GCC_WARN_UNINITIALIZED_AUTOS = YES_AGGRESSIVE;
				GCC_WARN_UNUSED_FUNCTION = YES;
				GCC_WARN_UNUSED_VARIABLE = YES;
				IPHONEOS_DEPLOYMENT_TARGET = 11.0;
				MTL_ENABLE_DEBUG_INFO = YES;
				ONLY_ACTIVE_ARCH = YES;
				SDKROOT = iphoneos;
				SWIFT_ACTIVE_COMPILATION_CONDITIONS = DEBUG;
				SWIFT_OPTIMIZATION_LEVEL = "-Onone";
			};
			name = Debug;
		};
		6847D741204FC26E00A3C1A3 /* Release */ = {
			isa = XCBuildConfiguration;
			buildSettings = {
				ALWAYS_SEARCH_USER_PATHS = NO;
				CLANG_ANALYZER_NONNULL = YES;
				CLANG_ANALYZER_NUMBER_OBJECT_CONVERSION = YES_AGGRESSIVE;
				CLANG_CXX_LANGUAGE_STANDARD = "gnu++14";
				CLANG_CXX_LIBRARY = "libc++";
				CLANG_ENABLE_MODULES = YES;
				CLANG_ENABLE_OBJC_ARC = YES;
				CLANG_WARN_BLOCK_CAPTURE_AUTORELEASING = YES;
				CLANG_WARN_BOOL_CONVERSION = YES;
				CLANG_WARN_COMMA = YES;
				CLANG_WARN_CONSTANT_CONVERSION = YES;
				CLANG_WARN_DIRECT_OBJC_ISA_USAGE = YES_ERROR;
				CLANG_WARN_DOCUMENTATION_COMMENTS = YES;
				CLANG_WARN_EMPTY_BODY = YES;
				CLANG_WARN_ENUM_CONVERSION = YES;
				CLANG_WARN_INFINITE_RECURSION = YES;
				CLANG_WARN_INT_CONVERSION = YES;
				CLANG_WARN_NON_LITERAL_NULL_CONVERSION = YES;
				CLANG_WARN_OBJC_LITERAL_CONVERSION = YES;
				CLANG_WARN_OBJC_ROOT_CLASS = YES_ERROR;
				CLANG_WARN_RANGE_LOOP_ANALYSIS = YES;
				CLANG_WARN_STRICT_PROTOTYPES = YES;
				CLANG_WARN_SUSPICIOUS_MOVE = YES;
				CLANG_WARN_UNGUARDED_AVAILABILITY = YES_AGGRESSIVE;
				CLANG_WARN_UNREACHABLE_CODE = YES;
				CLANG_WARN__DUPLICATE_METHOD_MATCH = YES;
				CODE_SIGN_IDENTITY = "iPhone Developer";
				COPY_PHASE_STRIP = NO;
				DEBUG_INFORMATION_FORMAT = "dwarf-with-dsym";
				ENABLE_NS_ASSERTIONS = NO;
				ENABLE_STRICT_OBJC_MSGSEND = YES;
				GCC_C_LANGUAGE_STANDARD = gnu11;
				GCC_NO_COMMON_BLOCKS = YES;
				GCC_WARN_64_TO_32_BIT_CONVERSION = YES;
				GCC_WARN_ABOUT_RETURN_TYPE = YES_ERROR;
				GCC_WARN_UNDECLARED_SELECTOR = YES;
				GCC_WARN_UNINITIALIZED_AUTOS = YES_AGGRESSIVE;
				GCC_WARN_UNUSED_FUNCTION = YES;
				GCC_WARN_UNUSED_VARIABLE = YES;
				IPHONEOS_DEPLOYMENT_TARGET = 11.0;
				MTL_ENABLE_DEBUG_INFO = NO;
				SDKROOT = iphoneos;
				SWIFT_OPTIMIZATION_LEVEL = "-Owholemodule";
				VALIDATE_PRODUCT = YES;
			};
			name = Release;
		};
		6847D743204FC26E00A3C1A3 /* Debug */ = {
			isa = XCBuildConfiguration;
			buildSettings = {
				ASSETCATALOG_COMPILER_APPICON_NAME = AppIcon;
				CODE_SIGN_STYLE = Automatic;
				DEVELOPMENT_TEAM = WDFA67X5D5;
				INFOPLIST_FILE = Destini/Info.plist;
				IPHONEOS_DEPLOYMENT_TARGET = 11.0;
				LD_RUNPATH_SEARCH_PATHS = "$(inherited) @executable_path/Frameworks";
				PRODUCT_BUNDLE_IDENTIFIER = jp.mstk.Destini;
				PRODUCT_NAME = "$(TARGET_NAME)";
				SWIFT_VERSION = 4.0;
				TARGETED_DEVICE_FAMILY = 1;
			};
			name = Debug;
		};
		6847D744204FC26E00A3C1A3 /* Release */ = {
			isa = XCBuildConfiguration;
			buildSettings = {
				ASSETCATALOG_COMPILER_APPICON_NAME = AppIcon;
				CODE_SIGN_STYLE = Automatic;
				DEVELOPMENT_TEAM = WDFA67X5D5;
				INFOPLIST_FILE = Destini/Info.plist;
				IPHONEOS_DEPLOYMENT_TARGET = 11.0;
				LD_RUNPATH_SEARCH_PATHS = "$(inherited) @executable_path/Frameworks";
				PRODUCT_BUNDLE_IDENTIFIER = jp.mstk.Destini;
				PRODUCT_NAME = "$(TARGET_NAME)";
				SWIFT_VERSION = 4.0;
				TARGETED_DEVICE_FAMILY = 1;
			};
			name = Release;
		};
		6847D746204FC26E00A3C1A3 /* Debug */ = {
			isa = XCBuildConfiguration;
			buildSettings = {
				ALWAYS_EMBED_SWIFT_STANDARD_LIBRARIES = YES;
				BUNDLE_LOADER = "$(TEST_HOST)";
				CODE_SIGN_STYLE = Automatic;
				DEVELOPMENT_TEAM = WDFA67X5D5;
				INFOPLIST_FILE = DestiniTests/Info.plist;
				LD_RUNPATH_SEARCH_PATHS = "$(inherited) @executable_path/Frameworks @loader_path/Frameworks";
				PRODUCT_BUNDLE_IDENTIFIER = jp.mstk.DestiniTests;
				PRODUCT_NAME = "$(TARGET_NAME)";
				SWIFT_VERSION = 4.0;
				TARGETED_DEVICE_FAMILY = "1,2";
				TEST_HOST = "$(BUILT_PRODUCTS_DIR)/Destini.app/Destini";
			};
			name = Debug;
		};
		6847D747204FC26E00A3C1A3 /* Release */ = {
			isa = XCBuildConfiguration;
			buildSettings = {
				ALWAYS_EMBED_SWIFT_STANDARD_LIBRARIES = YES;
				BUNDLE_LOADER = "$(TEST_HOST)";
				CODE_SIGN_STYLE = Automatic;
				DEVELOPMENT_TEAM = WDFA67X5D5;
				INFOPLIST_FILE = DestiniTests/Info.plist;
				LD_RUNPATH_SEARCH_PATHS = "$(inherited) @executable_path/Frameworks @loader_path/Frameworks";
				PRODUCT_BUNDLE_IDENTIFIER = jp.mstk.DestiniTests;
				PRODUCT_NAME = "$(TARGET_NAME)";
				SWIFT_VERSION = 4.0;
				TARGETED_DEVICE_FAMILY = "1,2";
				TEST_HOST = "$(BUILT_PRODUCTS_DIR)/Destini.app/Destini";
			};
			name = Release;
		};
		6847D749204FC26E00A3C1A3 /* Debug */ = {
			isa = XCBuildConfiguration;
			buildSettings = {
				ALWAYS_EMBED_SWIFT_STANDARD_LIBRARIES = YES;
				CODE_SIGN_STYLE = Automatic;
				DEVELOPMENT_TEAM = WDFA67X5D5;
				INFOPLIST_FILE = DestiniUITests/Info.plist;
				LD_RUNPATH_SEARCH_PATHS = "$(inherited) @executable_path/Frameworks @loader_path/Frameworks";
				PRODUCT_BUNDLE_IDENTIFIER = jp.mstk.DestiniUITests;
				PRODUCT_NAME = "$(TARGET_NAME)";
				SWIFT_VERSION = 4.0;
				TARGETED_DEVICE_FAMILY = "1,2";
				TEST_TARGET_NAME = Destini;
			};
			name = Debug;
		};
		6847D74A204FC26E00A3C1A3 /* Release */ = {
			isa = XCBuildConfiguration;
			buildSettings = {
				ALWAYS_EMBED_SWIFT_STANDARD_LIBRARIES = YES;
				CODE_SIGN_STYLE = Automatic;
				DEVELOPMENT_TEAM = WDFA67X5D5;
				INFOPLIST_FILE = DestiniUITests/Info.plist;
				LD_RUNPATH_SEARCH_PATHS = "$(inherited) @executable_path/Frameworks @loader_path/Frameworks";
				PRODUCT_BUNDLE_IDENTIFIER = jp.mstk.DestiniUITests;
				PRODUCT_NAME = "$(TARGET_NAME)";
				SWIFT_VERSION = 4.0;
				TARGETED_DEVICE_FAMILY = "1,2";
				TEST_TARGET_NAME = Destini;
			};
			name = Release;
		};
/* End XCBuildConfiguration section */

/* Begin XCConfigurationList section */
		6847D715204FC26E00A3C1A3 /* Build configuration list for PBXProject "Destini" */ = {
			isa = XCConfigurationList;
			buildConfigurations = (
				6847D740204FC26E00A3C1A3 /* Debug */,
				6847D741204FC26E00A3C1A3 /* Release */,
			);
			defaultConfigurationIsVisible = 0;
			defaultConfigurationName = Release;
		};
		6847D742204FC26E00A3C1A3 /* Build configuration list for PBXNativeTarget "Destini" */ = {
			isa = XCConfigurationList;
			buildConfigurations = (
				6847D743204FC26E00A3C1A3 /* Debug */,
				6847D744204FC26E00A3C1A3 /* Release */,
			);
			defaultConfigurationIsVisible = 0;
			defaultConfigurationName = Release;
		};
		6847D745204FC26E00A3C1A3 /* Build configuration list for PBXNativeTarget "DestiniTests" */ = {
			isa = XCConfigurationList;
			buildConfigurations = (
				6847D746204FC26E00A3C1A3 /* Debug */,
				6847D747204FC26E00A3C1A3 /* Release */,
			);
			defaultConfigurationIsVisible = 0;
			defaultConfigurationName = Release;
		};
		6847D748204FC26E00A3C1A3 /* Build configuration list for PBXNativeTarget "DestiniUITests" */ = {
			isa = XCConfigurationList;
			buildConfigurations = (
				6847D749204FC26E00A3C1A3 /* Debug */,
				6847D74A204FC26E00A3C1A3 /* Release */,
			);
			defaultConfigurationIsVisible = 0;
			defaultConfigurationName = Release;
		};
/* End XCConfigurationList section */
	};
	rootObject = 6847D712204FC26E00A3C1A3 /* Project object */;
}
